
Microsoft Visual Studio Solution File, Format Version 12.00
# Visual Studio Version 17
VisualStudioVersion = 17.2.32427.441
MinimumVisualStudioVersion = 10.0.40219.1
Project("{FAE04EC0-301F-11D3-BF4B-00C04F79EFBC}") = "TimeSaver", "TimeSaver\TimeSaver.csproj", "{719AC302-C8F1-4ADB-B207-A661681E158A}"
EndProject
Global
	GlobalSection(SolutionConfigurationPlatforms) = preSolution
		Debug|Any CPU = Debug|Any CPU
		Release|Any CPU = Release|Any CPU
	EndGlobalSection
	GlobalSection(ProjectConfigurationPlatforms) = postSolution
		{719AC302-C8F1-4ADB-B207-A661681E158A}.Debug|Any CPU.ActiveCfg = Debug|Any CPU
		{719AC302-C8F1-4ADB-B207-A661681E158A}.Debug|Any CPU.Build.0 = Debug|Any CPU
		{719AC302-C8F1-4ADB-B207-A661681E158A}.Release|Any CPU.ActiveCfg = Release|Any CPU
		{719AC302-C8F1-4ADB-B207-A661681E158A}.Release|Any CPU.Build.0 = Release|Any CPU
	EndGlobalSection
	GlobalSection(SolutionProperties) = preSolution
		HideSolutionNode = FALSE
	EndGlobalSection
	GlobalSection(ExtensibilityGlobals) = postSolution
		SolutionGuid = {B552F4DE-9E3E-4F4B-A8D7-9DFC5BCE0426}
	EndGlobalSection
EndGlobal
